
Microsoft Visual Studio Solution File, Format Version 12.00
# Visual Studio Version 16
VisualStudioVersion = 16.0.29709.97
MinimumVisualStudioVersion = 10.0.40219.1
Project("{FAE04EC0-301F-11D3-BF4B-00C04F79EFBC}") = "xt3-4", "xt3-4\xt3-4.csproj", "{073FA2AA-0504-4A0C-A3E7-F0476E385503}"
EndProject
Global
	GlobalSection(SolutionConfigurationPlatforms) = preSolution
		Debug|Any CPU = Debug|Any CPU
		Release|Any CPU = Release|Any CPU
	EndGlobalSection
	GlobalSection(ProjectConfigurationPlatforms) = postSolution
		{073FA2AA-0504-4A0C-A3E7-F0476E385503}.Debug|Any CPU.ActiveCfg = Debug|Any CPU
		{073FA2AA-0504-4A0C-A3E7-F0476E385503}.Debug|Any CPU.Build.0 = Debug|Any CPU
		{073FA2AA-0504-4A0C-A3E7-F0476E385503}.Release|Any CPU.ActiveCfg = Release|Any CPU
		{073FA2AA-0504-4A0C-A3E7-F0476E385503}.Release|Any CPU.Build.0 = Release|Any CPU
	EndGlobalSection
	GlobalSection(SolutionProperties) = preSolution
		HideSolutionNode = FALSE
	EndGlobalSection
	GlobalSection(ExtensibilityGlobals) = postSolution
		SolutionGuid = {2B39DB62-5F0D-41F2-ADCA-D07D3912A88A}
	EndGlobalSection
EndGlobal
