
Microsoft Visual Studio Solution File, Format Version 12.00
# Visual Studio Version 16
VisualStudioVersion = 16.0.29709.97
MinimumVisualStudioVersion = 10.0.40219.1
Project("{FAE04EC0-301F-11D3-BF4B-00C04F79EFBC}") = "WindowsFormsAppP95 test ListBox", "WindowsFormsAppP95 test ListBox\WindowsFormsAppP95 test ListBox.csproj", "{0A68FE54-03E0-493C-8B91-A4E5CC35D155}"
EndProject
Global
	GlobalSection(SolutionConfigurationPlatforms) = preSolution
		Debug|Any CPU = Debug|Any CPU
		Release|Any CPU = Release|Any CPU
	EndGlobalSection
	GlobalSection(ProjectConfigurationPlatforms) = postSolution
		{0A68FE54-03E0-493C-8B91-A4E5CC35D155}.Debug|Any CPU.ActiveCfg = Debug|Any CPU
		{0A68FE54-03E0-493C-8B91-A4E5CC35D155}.Debug|Any CPU.Build.0 = Debug|Any CPU
		{0A68FE54-03E0-493C-8B91-A4E5CC35D155}.Release|Any CPU.ActiveCfg = Release|Any CPU
		{0A68FE54-03E0-493C-8B91-A4E5CC35D155}.Release|Any CPU.Build.0 = Release|Any CPU
	EndGlobalSection
	GlobalSection(SolutionProperties) = preSolution
		HideSolutionNode = FALSE
	EndGlobalSection
	GlobalSection(ExtensibilityGlobals) = postSolution
		SolutionGuid = {D6A8C80E-FA99-4C54-B010-FEA59FB8F9CB}
	EndGlobalSection
EndGlobal
